
Microsoft Visual Studio Solution File, Format Version 12.00
# Visual Studio Version 16
VisualStudioVersion = 16.0.30907.101
MinimumVisualStudioVersion = 10.0.40219.1
Project("{9A19103F-16F7-4668-BE54-9A1E7A4F7556}") = "TDDCabService", "TDDCabService\TDDCabService.csproj", "{69D0F658-8804-4031-8B18-D1830AD5E060}"
EndProject
Project("{FAE04EC0-301F-11D3-BF4B-00C04F79EFBC}") = "TDDCabServiceTest", "TDDCabServiceTest\TDDCabServiceTest.csproj", "{DE19F6E5-A9F9-4872-ADAA-9B0674573E95}"
EndProject
Global
	GlobalSection(SolutionConfigurationPlatforms) = preSolution
		Debug|Any CPU = Debug|Any CPU
		Release|Any CPU = Release|Any CPU
	EndGlobalSection
	GlobalSection(ProjectConfigurationPlatforms) = postSolution
		{69D0F658-8804-4031-8B18-D1830AD5E060}.Debug|Any CPU.ActiveCfg = Debug|Any CPU
		{69D0F658-8804-4031-8B18-D1830AD5E060}.Debug|Any CPU.Build.0 = Debug|Any CPU
		{69D0F658-8804-4031-8B18-D1830AD5E060}.Release|Any CPU.ActiveCfg = Release|Any CPU
		{69D0F658-8804-4031-8B18-D1830AD5E060}.Release|Any CPU.Build.0 = Release|Any CPU
		{DE19F6E5-A9F9-4872-ADAA-9B0674573E95}.Debug|Any CPU.ActiveCfg = Debug|Any CPU
		{DE19F6E5-A9F9-4872-ADAA-9B0674573E95}.Debug|Any CPU.Build.0 = Debug|Any CPU
		{DE19F6E5-A9F9-4872-ADAA-9B0674573E95}.Release|Any CPU.ActiveCfg = Release|Any CPU
		{DE19F6E5-A9F9-4872-ADAA-9B0674573E95}.Release|Any CPU.Build.0 = Release|Any CPU
	EndGlobalSection
	GlobalSection(SolutionProperties) = preSolution
		HideSolutionNode = FALSE
	EndGlobalSection
	GlobalSection(ExtensibilityGlobals) = postSolution
		SolutionGuid = {22C332D2-37ED-4542-A673-A9F21E9338E4}
	EndGlobalSection
EndGlobal
